
Microsoft Visual Studio Solution File, Format Version 12.00
# Visual Studio Version 17
VisualStudioVersion = 17.6.33815.320
MinimumVisualStudioVersion = 10.0.40219.1
Project("{FAE04EC0-301F-11D3-BF4B-00C04F79EFBC}") = "E-Ticket", "E-Ticket\E-Ticket.csproj", "{8355C7BE-25B0-4D23-B5CE-FE5A7A1DB0C0}"
EndProject
Global
	GlobalSection(SolutionConfigurationPlatforms) = preSolution
		Debug|Any CPU = Debug|Any CPU
		Release|Any CPU = Release|Any CPU
	EndGlobalSection
	GlobalSection(ProjectConfigurationPlatforms) = postSolution
		{8355C7BE-25B0-4D23-B5CE-FE5A7A1DB0C0}.Debug|Any CPU.ActiveCfg = Debug|Any CPU
		{8355C7BE-25B0-4D23-B5CE-FE5A7A1DB0C0}.Debug|Any CPU.Build.0 = Debug|Any CPU
		{8355C7BE-25B0-4D23-B5CE-FE5A7A1DB0C0}.Release|Any CPU.ActiveCfg = Release|Any CPU
		{8355C7BE-25B0-4D23-B5CE-FE5A7A1DB0C0}.Release|Any CPU.Build.0 = Release|Any CPU
	EndGlobalSection
	GlobalSection(SolutionProperties) = preSolution
		HideSolutionNode = FALSE
	EndGlobalSection
	GlobalSection(ExtensibilityGlobals) = postSolution
		SolutionGuid = {D97C4946-A647-45FA-AB8A-F488E6A9D6D6}
	EndGlobalSection
EndGlobal
